
Microsoft Visual Studio Solution File, Format Version 12.00
# Visual Studio 2012
Project("{8BC9CEB8-8B4A-11D0-8D11-00A0C91BC942}") = "C++", "C++\C++.vcxproj", "{79B8394C-40B0-49EA-BD0A-1B15E9EF8645}"
EndProject
Global
	GlobalSection(SolutionConfigurationPlatforms) = preSolution
		Debug|Win32 = Debug|Win32
		Release|Win32 = Release|Win32
	EndGlobalSection
	GlobalSection(ProjectConfigurationPlatforms) = postSolution
		{79B8394C-40B0-49EA-BD0A-1B15E9EF8645}.Debug|Win32.ActiveCfg = Debug|Win32
		{79B8394C-40B0-49EA-BD0A-1B15E9EF8645}.Debug|Win32.Build.0 = Debug|Win32
		{79B8394C-40B0-49EA-BD0A-1B15E9EF8645}.Release|Win32.ActiveCfg = Release|Win32
		{79B8394C-40B0-49EA-BD0A-1B15E9EF8645}.Release|Win32.Build.0 = Release|Win32
	EndGlobalSection
	GlobalSection(SolutionProperties) = preSolution
		HideSolutionNode = FALSE
	EndGlobalSection
EndGlobal
